// !$*UTF8*$!
{
	archiveVersion = 1;
	classes = {
	};
	objectVersion = 46;
	objects = {

/* Begin PBXBuildFile section */
		64F8A07D1B25DC2200BA0D1B /* main.m in Sources */ = {isa = PBXBuildFile; fileRef = 64F8A07C1B25DC2200BA0D1B /* main.m */; };
		64F8A0801B25DC2200BA0D1B /* AppDelegate.m in Sources */ = {isa = PBXBuildFile; fileRef = 64F8A07F1B25DC2200BA0D1B /* AppDelegate.m */; };
		64F8A0831B25DC2200BA0D1B /* ViewController.m in Sources */ = {isa = PBXBuildFile; fileRef = 64F8A0821B25DC2200BA0D1B /* ViewController.m */; };
		64F8A0861B25DC2200BA0D1B /* Main.storyboard in Resources */ = {isa = PBXBuildFile; fileRef = 64F8A0841B25DC2200BA0D1B /* Main.storyboard */; };
		64F8A0881B25DC2200BA0D1B /* Images.xcassets in Resources */ = {isa = PBXBuildFile; fileRef = 64F8A0871B25DC2200BA0D1B /* Images.xcassets */; };
		64F8A08B1B25DC2200BA0D1B /* LaunchScreen.xib in Resources */ = {isa = PBXBuildFile; fileRef = 64F8A0891B25DC2200BA0D1B /* LaunchScreen.xib */; };
		64F8A0971B25DC2200BA0D1B /* _DmenuTests.m in Sources */ = {isa = PBXBuildFile; fileRef = 64F8A0961B25DC2200BA0D1B /* _DmenuTests.m */; };
/* End PBXBuildFile section */

/* Begin PBXContainerItemProxy section */
		64F8A0911B25DC2200BA0D1B /* PBXContainerItemProxy */ = {
			isa = PBXContainerItemProxy;
			containerPortal = 64F8A06F1B25DC2200BA0D1B /* Project object */;
			proxyType = 1;
			remoteGlobalIDString = 64F8A0761B25DC2200BA0D1B;
			remoteInfo = 3Dmenu;
		};
/* End PBXContainerItemProxy section */

/* Begin PBXFileReference section */
		64F8A0771B25DC2200BA0D1B /* 3Dmenu.app */ = {isa = PBXFileReference; explicitFileType = wrapper.application; includeInIndex = 0; path = 3Dmenu.app; sourceTree = BUILT_PRODUCTS_DIR; };
		64F8A07B1B25DC2200BA0D1B /* Info.plist */ = {isa = PBXFileReference; lastKnownFileType = text.plist.xml; path = Info.plist; sourceTree = "<group>"; };
		64F8A07C1B25DC2200BA0D1B /* main.m */ = {isa = PBXFileReference; lastKnownFileType = sourcecode.c.objc; path = main.m; sourceTree = "<group>"; };
		64F8A07E1B25DC2200BA0D1B /* AppDelegate.h */ = {isa = PBXFileReference; lastKnownFileType = sourcecode.c.h; path = AppDelegate.h; sourceTree = "<group>"; };
		64F8A07F1B25DC2200BA0D1B /* AppDelegate.m */ = {isa = PBXFileReference; lastKnownFileType = sourcecode.c.objc; path = AppDelegate.m; sourceTree = "<group>"; };
		64F8A0811B25DC2200BA0D1B /* ViewController.h */ = {isa = PBXFileReference; lastKnownFileType = sourcecode.c.h; path = ViewController.h; sourceTree = "<group>"; };
		64F8A0821B25DC2200BA0D1B /* ViewController.m */ = {isa = PBXFileReference; lastKnownFileType = sourcecode.c.objc; path = ViewController.m; sourceTree = "<group>"; };
		64F8A0851B25DC2200BA0D1B /* Base */ = {isa = PBXFileReference; lastKnownFileType = file.storyboard; name = Base; path = Base.lproj/Main.storyboard; sourceTree = "<group>"; };
		64F8A0871B25DC2200BA0D1B /* Images.xcassets */ = {isa = PBXFileReference; lastKnownFileType = folder.assetcatalog; path = Images.xcassets; sourceTree = "<group>"; };
		64F8A08A1B25DC2200BA0D1B /* Base */ = {isa = PBXFileReference; lastKnownFileType = file.xib; name = Base; path = Base.lproj/LaunchScreen.xib; sourceTree = "<group>"; };
		64F8A0901B25DC2200BA0D1B /* 3DmenuTests.xctest */ = {isa = PBXFileReference; explicitFileType = wrapper.cfbundle; includeInIndex = 0; path = 3DmenuTests.xctest; sourceTree = BUILT_PRODUCTS_DIR; };
		64F8A0951B25DC2200BA0D1B /* Info.plist */ = {isa = PBXFileReference; lastKnownFileType = text.plist.xml; path = Info.plist; sourceTree = "<group>"; };
		64F8A0961B25DC2200BA0D1B /* _DmenuTests.m */ = {isa = PBXFileReference; lastKnownFileType = sourcecode.c.objc; path = _DmenuTests.m; sourceTree = "<group>"; };
/* End PBXFileReference section */

/* Begin PBXFrameworksBuildPhase section */
		64F8A0741B25DC2200BA0D1B /* Frameworks */ = {
			isa = PBXFrameworksBuildPhase;
			buildActionMask = 2147483647;
			files = (
			);
			runOnlyForDeploymentPostprocessing = 0;
		};
		64F8A08D1B25DC2200BA0D1B /* Frameworks */ = {
			isa = PBXFrameworksBuildPhase;
			buildActionMask = 2147483647;
			files = (
			);
			runOnlyForDeploymentPostprocessing = 0;
		};
/* End PBXFrameworksBuildPhase section */

/* Begin PBXGroup section */
		64F8A06E1B25DC2200BA0D1B = {
			isa = PBXGroup;
			children = (
				64F8A0791B25DC2200BA0D1B /* 3Dmenu */,
				64F8A0931B25DC2200BA0D1B /* 3DmenuTests */,
				64F8A0781B25DC2200BA0D1B /* Products */,
			);
			sourceTree = "<group>";
		};
		64F8A0781B25DC2200BA0D1B /* Products */ = {
			isa = PBXGroup;
			children = (
				64F8A0771B25DC2200BA0D1B /* 3Dmenu.app */,
				64F8A0901B25DC2200BA0D1B /* 3DmenuTests.xctest */,
			);
			name = Products;
			sourceTree = "<group>";
		};
		64F8A0791B25DC2200BA0D1B /* 3Dmenu */ = {
			isa = PBXGroup;
			children = (
				64F8A07E1B25DC2200BA0D1B /* AppDelegate.h */,
				64F8A07F1B25DC2200BA0D1B /* AppDelegate.m */,
				64F8A0811B25DC2200BA0D1B /* ViewController.h */,
				64F8A0821B25DC2200BA0D1B /* ViewController.m */,
				64F8A0841B25DC2200BA0D1B /* Main.storyboard */,
				64F8A0871B25DC2200BA0D1B /* Images.xcassets */,
				64F8A0891B25DC2200BA0D1B /* LaunchScreen.xib */,
				64F8A07A1B25DC2200BA0D1B /* Supporting Files */,
			);
			path = 3Dmenu;
			sourceTree = "<group>";
		};
		64F8A07A1B25DC2200BA0D1B /* Supporting Files */ = {
			isa = PBXGroup;
			children = (
				64F8A07B1B25DC2200BA0D1B /* Info.plist */,
				64F8A07C1B25DC2200BA0D1B /* main.m */,
			);
			name = "Supporting Files";
			sourceTree = "<group>";
		};
		64F8A0931B25DC2200BA0D1B /* 3DmenuTests */ = {
			isa = PBXGroup;
			children = (
				64F8A0961B25DC2200BA0D1B /* _DmenuTests.m */,
				64F8A0941B25DC2200BA0D1B /* Supporting Files */,
			);
			path = 3DmenuTests;
			sourceTree = "<group>";
		};
		64F8A0941B25DC2200BA0D1B /* Supporting Files */ = {
			isa = PBXGroup;
			children = (
				64F8A0951B25DC2200BA0D1B /* Info.plist */,
			);
			name = "Supporting Files";
			sourceTree = "<group>";
		};
/* End PBXGroup section */

/* Begin PBXNativeTarget section */
		64F8A0761B25DC2200BA0D1B /* 3Dmenu */ = {
			isa = PBXNativeTarget;
			buildConfigurationList = 64F8A09A1B25DC2200BA0D1B /* Build configuration list for PBXNativeTarget "3Dmenu" */;
			buildPhases = (
				64F8A0731B25DC2200BA0D1B /* Sources */,
				64F8A0741B25DC2200BA0D1B /* Frameworks */,
				64F8A0751B25DC2200BA0D1B /* Resources */,
			);
			buildRules = (
			);
			dependencies = (
			);
			name = 3Dmenu;
			productName = 3Dmenu;
			productReference = 64F8A0771B25DC2200BA0D1B /* 3Dmenu.app */;
			productType = "com.apple.product-type.application";
		};
		64F8A08F1B25DC2200BA0D1B /* 3DmenuTests */ = {
			isa = PBXNativeTarget;
			buildConfigurationList = 64F8A09D1B25DC2200BA0D1B /* Build configuration list for PBXNativeTarget "3DmenuTests" */;
			buildPhases = (
				64F8A08C1B25DC2200BA0D1B /* Sources */,
				64F8A08D1B25DC2200BA0D1B /* Frameworks */,
				64F8A08E1B25DC2200BA0D1B /* Resources */,
			);
			buildRules = (
			);
			dependencies = (
				64F8A0921B25DC2200BA0D1B /* PBXTargetDependency */,
			);
			name = 3DmenuTests;
			productName = 3DmenuTests;
			productReference = 64F8A0901B25DC2200BA0D1B /* 3DmenuTests.xctest */;
			productType = "com.apple.product-type.bundle.unit-test";
		};
/* End PBXNativeTarget section */

/* Begin PBXProject section */
		64F8A06F1B25DC2200BA0D1B /* Project object */ = {
			isa = PBXProject;
			attributes = {
				LastUpgradeCheck = 0610;
				ORGANIZATIONNAME = ZK;
				TargetAttributes = {
					64F8A0761B25DC2200BA0D1B = {
						CreatedOnToolsVersion = 6.1;
					};
					64F8A08F1B25DC2200BA0D1B = {
						CreatedOnToolsVersion = 6.1;
						TestTargetID = 64F8A0761B25DC2200BA0D1B;
					};
				};
			};
			buildConfigurationList = 64F8A0721B25DC2200BA0D1B /* Build configuration list for PBXProject "3Dmenu" */;
			compatibilityVersion = "Xcode 3.2";
			developmentRegion = English;
			hasScannedForEncodings = 0;
			knownRegions = (
				en,
				Base,
			);
			mainGroup = 64F8A06E1B25DC2200BA0D1B;
			productRefGroup = 64F8A0781B25DC2200BA0D1B /* Products */;
			projectDirPath = "";
			projectRoot = "";
			targets = (
				64F8A0761B25DC2200BA0D1B /* 3Dmenu */,
				64F8A08F1B25DC2200BA0D1B /* 3DmenuTests */,
			);
		};
/* End PBXProject section */

/* Begin PBXResourcesBuildPhase section */
		64F8A0751B25DC2200BA0D1B /* Resources */ = {
			isa = PBXResourcesBuildPhase;
			buildActionMask = 2147483647;
			files = (
				64F8A0861B25DC2200BA0D1B /* Main.storyboard in Resources */,
				64F8A08B1B25DC2200BA0D1B /* LaunchScreen.xib in Resources */,
				64F8A0881B25DC2200BA0D1B /* Images.xcassets in Resources */,
			);
			runOnlyForDeploymentPostprocessing = 0;
		};
		64F8A08E1B25DC2200BA0D1B /* Resources */ = {
			isa = PBXResourcesBuildPhase;
			buildActionMask = 2147483647;
			files = (
			);
			runOnlyForDeploymentPostprocessing = 0;
		};
/* End PBXResourcesBuildPhase section */

/* Begin PBXSourcesBuildPhase section */
		64F8A0731B25DC2200BA0D1B /* Sources */ = {
			isa = PBXSourcesBuildPhase;
			buildActionMask = 2147483647;
			files = (
				64F8A0831B25DC2200BA0D1B /* ViewController.m in Sources */,
				64F8A0801B25DC2200BA0D1B /* AppDelegate.m in Sources */,
				64F8A07D1B25DC2200BA0D1B /* main.m in Sources */,
			);
			runOnlyForDeploymentPostprocessing = 0;
		};
		64F8A08C1B25DC2200BA0D1B /* Sources */ = {
			isa = PBXSourcesBuildPhase;
			buildActionMask = 2147483647;
			files = (
				64F8A0971B25DC2200BA0D1B /* _DmenuTests.m in Sources */,
			);
			runOnlyForDeploymentPostprocessing = 0;
		};
/* End PBXSourcesBuildPhase section */

/* Begin PBXTargetDependency section */
		64F8A0921B25DC2200BA0D1B /* PBXTargetDependency */ = {
			isa = PBXTargetDependency;
			target = 64F8A0761B25DC2200BA0D1B /* 3Dmenu */;
			targetProxy = 64F8A0911B25DC2200BA0D1B /* PBXContainerItemProxy */;
		};
/* End PBXTargetDependency section */

/* Begin PBXVariantGroup section */
		64F8A0841B25DC2200BA0D1B /* Main.storyboard */ = {
			isa = PBXVariantGroup;
			children = (
				64F8A0851B25DC2200BA0D1B /* Base */,
			);
			name = Main.storyboard;
			sourceTree = "<group>";
		};
		64F8A0891B25DC2200BA0D1B /* LaunchScreen.xib */ = {
			isa = PBXVariantGroup;
			children = (
				64F8A08A1B25DC2200BA0D1B /* Base */,
			);
			name = LaunchScreen.xib;
			sourceTree = "<group>";
		};
/* End PBXVariantGroup section */

/* Begin XCBuildConfiguration section */
		64F8A0981B25DC2200BA0D1B /* Debug */ = {
			isa = XCBuildConfiguration;
			buildSettings = {
				ALWAYS_SEARCH_USER_PATHS = NO;
				CLANG_CXX_LANGUAGE_STANDARD = "gnu++0x";
				CLANG_CXX_LIBRARY = "libc++";
				CLANG_ENABLE_MODULES = YES;
				CLANG_ENABLE_OBJC_ARC = YES;
				CLANG_WARN_BOOL_CONVERSION = YES;
				CLANG_WARN_CONSTANT_CONVERSION = YES;
				CLANG_WARN_DIRECT_OBJC_ISA_USAGE = YES_ERROR;
				CLANG_WARN_EMPTY_BODY = YES;
				CLANG_WARN_ENUM_CONVERSION = YES;
				CLANG_WARN_INT_CONVERSION = YES;
				CLANG_WARN_OBJC_ROOT_CLASS = YES_ERROR;
				CLANG_WARN_UNREACHABLE_CODE = YES;
				CLANG_WARN__DUPLICATE_METHOD_MATCH = YES;
				"CODE_SIGN_IDENTITY[sdk=iphoneos*]" = "iPhone Developer";
				COPY_PHASE_STRIP = NO;
				ENABLE_STRICT_OBJC_MSGSEND = YES;
				GCC_C_LANGUAGE_STANDARD = gnu99;
				GCC_DYNAMIC_NO_PIC = NO;
				GCC_OPTIMIZATION_LEVEL = 0;
				GCC_PREPROCESSOR_DEFINITIONS = (
					"DEBUG=1",
					"$(inherited)",
				);
				GCC_SYMBOLS_PRIVATE_EXTERN = NO;
				GCC_WARN_64_TO_32_BIT_CONVERSION = YES;
				GCC_WARN_ABOUT_RETURN_TYPE = YES_ERROR;
				GCC_WARN_UNDECLARED_SELECTOR = YES;
				GCC_WARN_UNINITIALIZED_AUTOS = YES_AGGRESSIVE;
				GCC_WARN_UNUSED_FUNCTION = YES;
				GCC_WARN_UNUSED_VARIABLE = YES;
				IPHONEOS_DEPLOYMENT_TARGET = 8.1;
				MTL_ENABLE_DEBUG_INFO = YES;
				ONLY_ACTIVE_ARCH = YES;
				SDKROOT = iphoneos;
			};
			name = Debug;
		};
		64F8A0991B25DC2200BA0D1B /* Release */ = {
			isa = XCBuildConfiguration;
			buildSettings = {
				ALWAYS_SEARCH_USER_PATHS = NO;
				CLANG_CXX_LANGUAGE_STANDARD = "gnu++0x";
				CLANG_CXX_LIBRARY = "libc++";
				CLANG_ENABLE_MODULES = YES;
				CLANG_ENABLE_OBJC_ARC = YES;
				CLANG_WARN_BOOL_CONVERSION = YES;
				CLANG_WARN_CONSTANT_CONVERSION = YES;
				CLANG_WARN_DIRECT_OBJC_ISA_USAGE = YES_ERROR;
				CLANG_WARN_EMPTY_BODY = YES;
				CLANG_WARN_ENUM_CONVERSION = YES;
				CLANG_WARN_INT_CONVERSION = YES;
				CLANG_WARN_OBJC_ROOT_CLASS = YES_ERROR;
				CLANG_WARN_UNREACHABLE_CODE = YES;
				CLANG_WARN__DUPLICATE_METHOD_MATCH = YES;
				"CODE_SIGN_IDENTITY[sdk=iphoneos*]" = "iPhone Developer";
				COPY_PHASE_STRIP = YES;
				ENABLE_NS_ASSERTIONS = NO;
				ENABLE_STRICT_OBJC_MSGSEND = YES;
				GCC_C_LANGUAGE_STANDARD = gnu99;
				GCC_WARN_64_TO_32_BIT_CONVERSION = YES;
				GCC_WARN_ABOUT_RETURN_TYPE = YES_ERROR;
				GCC_WARN_UNDECLARED_SELECTOR = YES;
				GCC_WARN_UNINITIALIZED_AUTOS = YES_AGGRESSIVE;
				GCC_WARN_UNUSED_FUNCTION = YES;
				GCC_WARN_UNUSED_VARIABLE = YES;
				IPHONEOS_DEPLOYMENT_TARGET = 8.1;
				MTL_ENABLE_DEBUG_INFO = NO;
				SDKROOT = iphoneos;
				VALIDATE_PRODUCT = YES;
			};
			name = Release;
		};
		64F8A09B1B25DC2200BA0D1B /* Debug */ = {
			isa = XCBuildConfiguration;
			buildSettings = {
				ASSETCATALOG_COMPILER_APPICON_NAME = AppIcon;
				INFOPLIST_FILE = 3Dmenu/Info.plist;
				LD_RUNPATH_SEARCH_PATHS = "$(inherited) @executable_path/Frameworks";
				PRODUCT_NAME = "$(TARGET_NAME)";
			};
			name = Debug;
		};
		64F8A09C1B25DC2200BA0D1B /* Release */ = {
			isa = XCBuildConfiguration;
			buildSettings = {
				ASSETCATALOG_COMPILER_APPICON_NAME = AppIcon;
				INFOPLIST_FILE = 3Dmenu/Info.plist;
				LD_RUNPATH_SEARCH_PATHS = "$(inherited) @executable_path/Frameworks";
				PRODUCT_NAME = "$(TARGET_NAME)";
			};
			name = Release;
		};
		64F8A09E1B25DC2200BA0D1B /* Debug */ = {
			isa = XCBuildConfiguration;
			buildSettings = {
				BUNDLE_LOADER = "$(TEST_HOST)";
				FRAMEWORK_SEARCH_PATHS = (
					"$(SDKROOT)/Developer/Library/Frameworks",
					"$(inherited)",
				);
				GCC_PREPROCESSOR_DEFINITIONS = (
					"DEBUG=1",
					"$(inherited)",
				);
				INFOPLIST_FILE = 3DmenuTests/Info.plist;
				LD_RUNPATH_SEARCH_PATHS = "$(inherited) @executable_path/Frameworks @loader_path/Frameworks";
				PRODUCT_NAME = "$(TARGET_NAME)";
				TEST_HOST = "$(BUILT_PRODUCTS_DIR)/3Dmenu.app/3Dmenu";
			};
			name = Debug;
		};
		64F8A09F1B25DC2200BA0D1B /* Release */ = {
			isa = XCBuildConfiguration;
			buildSettings = {
				BUNDLE_LOADER = "$(TEST_HOST)";
				FRAMEWORK_SEARCH_PATHS = (
					"$(SDKROOT)/Developer/Library/Frameworks",
					"$(inherited)",
				);
				INFOPLIST_FILE = 3DmenuTests/Info.plist;
				LD_RUNPATH_SEARCH_PATHS = "$(inherited) @executable_path/Frameworks @loader_path/Frameworks";
				PRODUCT_NAME = "$(TARGET_NAME)";
				TEST_HOST = "$(BUILT_PRODUCTS_DIR)/3Dmenu.app/3Dmenu";
			};
			name = Release;
		};
/* End XCBuildConfiguration section */

/* Begin XCConfigurationList section */
		64F8A0721B25DC2200BA0D1B /* Build configuration list for PBXProject "3Dmenu" */ = {
			isa = XCConfigurationList;
			buildConfigurations = (
				64F8A0981B25DC2200BA0D1B /* Debug */,
				64F8A0991B25DC2200BA0D1B /* Release */,
			);
			defaultConfigurationIsVisible = 0;
			defaultConfigurationName = Release;
		};
		64F8A09A1B25DC2200BA0D1B /* Build configuration list for PBXNativeTarget "3Dmenu" */ = {
			isa = XCConfigurationList;
			buildConfigurations = (
				64F8A09B1B25DC2200BA0D1B /* Debug */,
				64F8A09C1B25DC2200BA0D1B /* Release */,
			);
			defaultConfigurationIsVisible = 0;
		};
		64F8A09D1B25DC2200BA0D1B /* Build configuration list for PBXNativeTarget "3DmenuTests" */ = {
			isa = XCConfigurationList;
			buildConfigurations = (
				64F8A09E1B25DC2200BA0D1B /* Debug */,
				64F8A09F1B25DC2200BA0D1B /* Release */,
			);
			defaultConfigurationIsVisible = 0;
		};
/* End XCConfigurationList section */
	};
	rootObject = 64F8A06F1B25DC2200BA0D1B /* Project object */;
}
